<Solution>
  <Project Path="docker-compose.dcproj">
    <Build />
  </Project>
  <Project Path="HR.ProjectManagement.Persistence.IntegrationTests/HR.ProjectManagement.Persistence.IntegrationTests.csproj" Id="9a2892f3-6f31-4826-8529-140822504123" />
  <Project Path="HR.ProjectManagement.UnitTests/HR.ProjectManagement.UnitTests.csproj" Id="0fdabec6-9fd7-4dbd-9709-3415822c3eb8" />
  <Project Path="HR.ProjectManagement/HR.ProjectManagement.csproj" />
</Solution>
